# This file is automatically @generated by Poetry 2.3.2 and should not be changed by hand.

[[package]]
name = "asgiref"
version = "3.11.1"
description = "ASGI specs, helper code, and adapters"
optional = false
python-versions = ">=3.9"
groups = ["main"]
files = [
    {file = "asgiref-3.11.1-py3-none-any.whl", hash = "sha256:e8667a091e69529631969fd45dc268fa79b99c92c5fcdda727757e52146ec133"},
    {file = "asgiref-3.11.1.tar.gz", hash = "sha256:5f184dc43b7e763efe848065441eac62229c9f7b0475f41f80e207a114eda4ce"},
]

[package.extras]
tests = ["mypy (>=1.14.0)", "pytest", "pytest-asyncio"]

[[package]]
name = "django"
version = "6.0.2"
description = "A high-level Python web framework that encourages rapid development and clean, pragmatic design."
optional = false
python-versions = ">=3.12"
groups = ["main"]
files = [
    {file = "django-6.0.2-py3-none-any.whl", hash = "sha256:610dd3b13d15ec3f1e1d257caedd751db8033c5ad8ea0e2d1219a8acf446ecc6"},
    {file = "django-6.0.2.tar.gz", hash = "sha256:3046a53b0e40d4b676c3b774c73411d7184ae2745fe8ce5e45c0f33d3ddb71a7"},
]

[package.dependencies]
asgiref = ">=3.9.1"
sqlparse = ">=0.5.0"
tzdata = {version = "*", markers = "sys_platform == \"win32\""}

[package.extras]
argon2 = ["argon2-cffi (>=23.1.0)"]
bcrypt = ["bcrypt (>=4.1.1)"]

[[package]]
name = "django-admin"
version = "2.0.2"
description = "Django Admin Extensions"
optional = false
python-versions = "*"
groups = ["main"]
files = [
    {file = "django-admin-2.0.2.tar.gz", hash = "sha256:43c9f94ca5ad498789c0282691931c609c8e26db61aeb49ae8ad90d15b80cb75"},
    {file = "django_admin-2.0.2-py2.py3-none-any.whl", hash = "sha256:a92f9fb21f63edabb5db9030f36b62c6c16a0187183e7e7de4142aee4472b70f"},
]

[package.dependencies]
django-excel-response2 = ">=3.0.0"
django-six = "*"

[[package]]
name = "django-excel-response2"
version = "3.0.6"
description = "A function extends of Tarken's django-excel-response"
optional = false
python-versions = "*"
groups = ["main"]
files = [
    {file = "django-excel-response2-3.0.6.tar.gz", hash = "sha256:404b28818a262153559155239b719ba50e3c09484d638acdaadadfb309fc1b56"},
    {file = "django_excel_response2-3.0.6-py2.py3-none-any.whl", hash = "sha256:fe0c54207caf7efefcad689427bffad9209808e6102becb07967d5f8c92b82c7"},
]

[package.dependencies]
django-six = ">=1.0.4"
excel-base = ">=1.0.3"

[[package]]
name = "django-six"
version = "1.0.5"
description = "Django-six —— Django Compatibility Library"
optional = false
python-versions = "*"
groups = ["main"]
files = [
    {file = "django-six-1.0.5.tar.gz", hash = "sha256:9ad505d101ac3ce5a59d22693fcf77b4b19764020e0c7edfe939d220cafbf3a9"},
    {file = "django_six-1.0.5-py2.py3-none-any.whl", hash = "sha256:50816cf52e16814dff58eacd4883d9e5a43be37e53dcbd99323d1139ff89f73b"},
]

[[package]]
name = "excel-base"
version = "1.0.4"
description = "Excel Base"
optional = false
python-versions = "*"
groups = ["main"]
files = [
    {file = "excel-base-1.0.4.tar.gz", hash = "sha256:5b3f2ead44a1b35ed3099e127fc3de9d6eb453bba9acc1058af215e21b4ee20c"},
    {file = "excel_base-1.0.4-py2.py3-none-any.whl", hash = "sha256:3cdd3ef3366422eda12c7a72157053c8cbd06bcfe63a9280bc443ed21186372f"},
]

[package.dependencies]
screen = "*"
TimeConvert = ">=1.5.3"
xlwt = "*"

[[package]]
name = "gunicorn"
version = "25.0.3"
description = "WSGI HTTP Server for UNIX"
optional = false
python-versions = ">=3.10"
groups = ["main"]
files = [
    {file = "gunicorn-25.0.3-py3-none-any.whl", hash = "sha256:aca364c096c81ca11acd4cede0aaeea91ba76ca74e2c0d7f879154db9d890f35"},
    {file = "gunicorn-25.0.3.tar.gz", hash = "sha256:b53a7fff1a07b825b962af320554de44ae77a26abfa373711ff3f83d57d3506d"},
]

[package.dependencies]
packaging = "*"

[package.extras]
eventlet = ["eventlet (>=0.40.3)"]
gevent = ["gevent (>=24.10.1)"]
http2 = ["h2 (>=4.1.0)"]
setproctitle = ["setproctitle"]
testing = ["coverage", "eventlet (>=0.40.3)", "gevent (>=24.10.1)", "h2 (>=4.1.0)", "httpx[http2]", "pytest", "pytest-asyncio", "pytest-cov", "uvloop (>=0.19.0)"]
tornado = ["tornado (>=6.5.0)"]

[[package]]
name = "isoweek"
version = "1.3.3"
description = "Objects representing a week"
optional = false
python-versions = "*"
groups = ["main"]
files = [
    {file = "isoweek-1.3.3-py2.py3-none-any.whl", hash = "sha256:d3324c497d97f1534669de225ec877964222e4cc773a4a99063086f7a4e342b6"},
    {file = "isoweek-1.3.3.tar.gz", hash = "sha256:73f3f7bac443e05a3ab45c32a72048b0c4f26d53d81462ec4b142c7581d3ffe8"},
]

[[package]]
name = "packaging"
version = "26.0"
description = "Core utilities for Python packages"
optional = false
python-versions = ">=3.8"
groups = ["main"]
files = [
    {file = "packaging-26.0-py3-none-any.whl", hash = "sha256:b36f1fef9334a5588b4166f8bcd26a14e521f2b55e6b9de3aaa80d3ff7a37529"},
    {file = "packaging-26.0.tar.gz", hash = "sha256:00243ae351a257117b6a241061796684b084ed1c516a08c48a3f7e147a9d80b4"},
]

[[package]]
name = "python-dateutil"
version = "2.9.0.post0"
description = "Extensions to the standard Python datetime module"
optional = false
python-versions = "!=3.0.*,!=3.1.*,!=3.2.*,>=2.7"
groups = ["main"]
files = [
    {file = "python-dateutil-2.9.0.post0.tar.gz", hash = "sha256:37dd54208da7e1cd875388217d5e00ebd4179249f90fb72437e91a35459a0ad3"},
    {file = "python_dateutil-2.9.0.post0-py2.py3-none-any.whl", hash = "sha256:a8b2bc7bffae282281c8140a97d3aa9c14da0b136dfe83f850eea9a5f7470427"},
]

[package.dependencies]
six = ">=1.5"

[[package]]
name = "screen"
version = "1.0.1"
description = "Screen width and so on"
optional = false
python-versions = "*"
groups = ["main"]
files = [
    {file = "screen-1.0.1-cp27-cp27m-macosx_10_9_intel.whl", hash = "sha256:29009e0306d005679cc43c8cd69856a046265433310c10e71920591de3c58fda"},
    {file = "screen-1.0.1.tar.gz", hash = "sha256:aebfe90de7b8a646d4f3c2b214bd6ffa2ab12ed9d0b14c08620d9c7f7b8ee670"},
]

[[package]]
name = "six"
version = "1.17.0"
description = "Python 2 and 3 compatibility utilities"
optional = false
python-versions = "!=3.0.*,!=3.1.*,!=3.2.*,>=2.7"
groups = ["main"]
files = [
    {file = "six-1.17.0-py2.py3-none-any.whl", hash = "sha256:4721f391ed90541fddacab5acf947aa0d3dc7d27b2e1e8eda2be8970586c3274"},
    {file = "six-1.17.0.tar.gz", hash = "sha256:ff70335d468e7eb6ec65b95b99d3a2836546063f63acc5171de367e834932a81"},
]

[[package]]
name = "sqlparse"
version = "0.5.5"
description = "A non-validating SQL parser."
optional = false
python-versions = ">=3.8"
groups = ["main"]
files = [
    {file = "sqlparse-0.5.5-py3-none-any.whl", hash = "sha256:12a08b3bf3eec877c519589833aed092e2444e68240a3577e8e26148acc7b1ba"},
    {file = "sqlparse-0.5.5.tar.gz", hash = "sha256:e20d4a9b0b8585fdf63b10d30066c7c94c5d7a7ec47c889a2d83a3caa93ff28e"},
]

[package.extras]
dev = ["build"]
doc = ["sphinx"]

[[package]]
name = "timeconvert"
version = "3.0.13"
description = "Time Convert for Humans™"
optional = false
python-versions = ">=3.5"
groups = ["main"]
files = [
    {file = "TimeConvert-3.0.13-py2.py3-none-any.whl", hash = "sha256:9fa7f2eb43c17b8636171c98a8f599d9308b003395322f11cd4cdaba68cdc89a"},
    {file = "TimeConvert-3.0.13.tar.gz", hash = "sha256:1f4ca99a7e88afe6e19d2d7578078555288055e362f0d170a1e35a8dadf38f03"},
]

[package.dependencies]
isoweek = "*"
python-dateutil = ">=2.8.1"
tzlocal = "*"

[[package]]
name = "tzdata"
version = "2025.3"
description = "Provider of IANA time zone data"
optional = false
python-versions = ">=2"
groups = ["main"]
markers = "sys_platform == \"win32\" or platform_system == \"Windows\""
files = [
    {file = "tzdata-2025.3-py2.py3-none-any.whl", hash = "sha256:06a47e5700f3081aab02b2e513160914ff0694bce9947d6b76ebd6bf57cfc5d1"},
    {file = "tzdata-2025.3.tar.gz", hash = "sha256:de39c2ca5dc7b0344f2eba86f49d614019d29f060fc4ebc8a417896a620b56a7"},
]

[[package]]
name = "tzlocal"
version = "5.3.1"
description = "tzinfo object for the local timezone"
optional = false
python-versions = ">=3.9"
groups = ["main"]
files = [
    {file = "tzlocal-5.3.1-py3-none-any.whl", hash = "sha256:eb1a66c3ef5847adf7a834f1be0800581b683b5608e74f86ecbcef8ab91bb85d"},
    {file = "tzlocal-5.3.1.tar.gz", hash = "sha256:cceffc7edecefea1f595541dbd6e990cb1ea3d19bf01b2809f362a03dd7921fd"},
]

[package.dependencies]
tzdata = {version = "*", markers = "platform_system == \"Windows\""}

[package.extras]
devenv = ["check-manifest", "pytest (>=4.3)", "pytest-cov", "pytest-mock (>=3.3)", "zest.releaser"]

[[package]]
name = "xlwt"
version = "1.3.0"
description = "Library to create spreadsheet files compatible with MS Excel 97/2000/XP/2003 XLS files, on any platform, with Python 2.6, 2.7, 3.3+"
optional = false
python-versions = "*"
groups = ["main"]
files = [
    {file = "xlwt-1.3.0-py2.py3-none-any.whl", hash = "sha256:a082260524678ba48a297d922cc385f58278b8aa68741596a87de01a9c628b2e"},
    {file = "xlwt-1.3.0.tar.gz", hash = "sha256:c59912717a9b28f1a3c2a98fd60741014b06b043936dcecbc113eaaada156c88"},
]

[metadata]
lock-version = "2.1"
python-versions = ">=3.12"
content-hash = "86ee24179868f8ff29fbd4b3f95123e15012096ed99076463fe90090f04bd74f"
